
Microsoft Visual Studio Solution File, Format Version 12.00
# Visual Studio 2013
VisualStudioVersion = 12.0.31101.0
MinimumVisualStudioVersion = 10.0.40219.1
Project("{FAE04EC0-301F-11D3-BF4B-00C04F79EFBC}") = "SportSystem.Web", "SportSystem.Web\SportSystem.Web.csproj", "{F2020494-51D1-4209-B520-7391337FB120}"
EndProject
Project("{FAE04EC0-301F-11D3-BF4B-00C04F79EFBC}") = "SportSystem.Data", "SportSystem.Data\SportSystem.Data.csproj", "{669BFCE9-8A7E-40DE-84BB-DC216B07D209}"
EndProject
Project("{FAE04EC0-301F-11D3-BF4B-00C04F79EFBC}") = "SportSystem.Models", "SportSystem.Models\SportSystem.Models.csproj", "{3B323CFA-5FCC-48F7-BD11-FE97A2F222FD}"
EndProject
Project("{FAE04EC0-301F-11D3-BF4B-00C04F79EFBC}") = "SportSystem.Common", "SportSystem.Common\SportSystem.Common.csproj", "{CCF5AEF6-5E18-446A-8698-9D41696A53C0}"
EndProject
Global
	GlobalSection(SolutionConfigurationPlatforms) = preSolution
		Debug|Any CPU = Debug|Any CPU
		Release|Any CPU = Release|Any CPU
	EndGlobalSection
	GlobalSection(ProjectConfigurationPlatforms) = postSolution
		{F2020494-51D1-4209-B520-7391337FB120}.Debug|Any CPU.ActiveCfg = Debug|Any CPU
		{F2020494-51D1-4209-B520-7391337FB120}.Debug|Any CPU.Build.0 = Debug|Any CPU
		{F2020494-51D1-4209-B520-7391337FB120}.Release|Any CPU.ActiveCfg = Release|Any CPU
		{F2020494-51D1-4209-B520-7391337FB120}.Release|Any CPU.Build.0 = Release|Any CPU
		{669BFCE9-8A7E-40DE-84BB-DC216B07D209}.Debug|Any CPU.ActiveCfg = Debug|Any CPU
		{669BFCE9-8A7E-40DE-84BB-DC216B07D209}.Debug|Any CPU.Build.0 = Debug|Any CPU
		{669BFCE9-8A7E-40DE-84BB-DC216B07D209}.Release|Any CPU.ActiveCfg = Release|Any CPU
		{669BFCE9-8A7E-40DE-84BB-DC216B07D209}.Release|Any CPU.Build.0 = Release|Any CPU
		{3B323CFA-5FCC-48F7-BD11-FE97A2F222FD}.Debug|Any CPU.ActiveCfg = Debug|Any CPU
		{3B323CFA-5FCC-48F7-BD11-FE97A2F222FD}.Debug|Any CPU.Build.0 = Debug|Any CPU
		{3B323CFA-5FCC-48F7-BD11-FE97A2F222FD}.Release|Any CPU.ActiveCfg = Release|Any CPU
		{3B323CFA-5FCC-48F7-BD11-FE97A2F222FD}.Release|Any CPU.Build.0 = Release|Any CPU
		{CCF5AEF6-5E18-446A-8698-9D41696A53C0}.Debug|Any CPU.ActiveCfg = Debug|Any CPU
		{CCF5AEF6-5E18-446A-8698-9D41696A53C0}.Debug|Any CPU.Build.0 = Debug|Any CPU
		{CCF5AEF6-5E18-446A-8698-9D41696A53C0}.Release|Any CPU.ActiveCfg = Release|Any CPU
		{CCF5AEF6-5E18-446A-8698-9D41696A53C0}.Release|Any CPU.Build.0 = Release|Any CPU
	EndGlobalSection
	GlobalSection(SolutionProperties) = preSolution
		HideSolutionNode = FALSE
	EndGlobalSection
EndGlobal
